
Microsoft Visual Studio Solution File, Format Version 12.00
# Visual Studio 15
VisualStudioVersion = 15.0.27004.2008
MinimumVisualStudioVersion = 10.0.40219.1
Project("{F184B08F-C81C-45F6-A57F-5ABD9991F28F}") = "Fizz Buzz Woof", "Fizz Buzz Woof\Fizz Buzz Woof.vbproj", "{A33EED6F-A775-451F-B5D8-6968E27643F3}"
EndProject
Global
	GlobalSection(SolutionConfigurationPlatforms) = preSolution
		Debug|Any CPU = Debug|Any CPU
		Release|Any CPU = Release|Any CPU
	EndGlobalSection
	GlobalSection(ProjectConfigurationPlatforms) = postSolution
		{A33EED6F-A775-451F-B5D8-6968E27643F3}.Debug|Any CPU.ActiveCfg = Debug|Any CPU
		{A33EED6F-A775-451F-B5D8-6968E27643F3}.Debug|Any CPU.Build.0 = Debug|Any CPU
		{A33EED6F-A775-451F-B5D8-6968E27643F3}.Release|Any CPU.ActiveCfg = Release|Any CPU
		{A33EED6F-A775-451F-B5D8-6968E27643F3}.Release|Any CPU.Build.0 = Release|Any CPU
	EndGlobalSection
	GlobalSection(SolutionProperties) = preSolution
		HideSolutionNode = FALSE
	EndGlobalSection
	GlobalSection(ExtensibilityGlobals) = postSolution
		SolutionGuid = {4FD761C0-1F59-4FDE-979E-482808F4065B}
	EndGlobalSection
EndGlobal
